// !$*UTF8*$!
{
	archiveVersion = 1;
	classes = {
	};
	objectVersion = 56;
	objects = {

/* Begin PBXBuildFile section */
		43A62B6D2C609EDD0040EC4B /* MiniShoppingAppApp.swift in Sources */ = {isa = PBXBuildFile; fileRef = 43A62B6C2C609EDD0040EC4B /* MiniShoppingAppApp.swift */; };
		43A62B6F2C609EDD0040EC4B /* ContentView.swift in Sources */ = {isa = PBXBuildFile; fileRef = 43A62B6E2C609EDD0040EC4B /* ContentView.swift */; };
		43A62B712C609EDF0040EC4B /* Assets.xcassets in Resources */ = {isa = PBXBuildFile; fileRef = 43A62B702C609EDF0040EC4B /* Assets.xcassets */; };
		43A62B742C609EDF0040EC4B /* Preview Assets.xcassets in Resources */ = {isa = PBXBuildFile; fileRef = 43A62B732C609EDF0040EC4B /* Preview Assets.xcassets */; };
		43A62B7E2C609EDF0040EC4B /* MiniShoppingAppTests.swift in Sources */ = {isa = PBXBuildFile; fileRef = 43A62B7D2C609EDF0040EC4B /* MiniShoppingAppTests.swift */; };
		43A62B882C609EDF0040EC4B /* MiniShoppingAppUITests.swift in Sources */ = {isa = PBXBuildFile; fileRef = 43A62B872C609EDF0040EC4B /* MiniShoppingAppUITests.swift */; };
		43A62B8A2C609EDF0040EC4B /* MiniShoppingAppUITestsLaunchTests.swift in Sources */ = {isa = PBXBuildFile; fileRef = 43A62B892C609EDF0040EC4B /* MiniShoppingAppUITestsLaunchTests.swift */; };
		43A62B9C2C60A27E0040EC4B /* HomeScreenView.swift in Sources */ = {isa = PBXBuildFile; fileRef = 43A62B9B2C60A27E0040EC4B /* HomeScreenView.swift */; };
		43A62B9E2C60A2C30040EC4B /* OnBoardingScreenView.swift in Sources */ = {isa = PBXBuildFile; fileRef = 43A62B9D2C60A2C30040EC4B /* OnBoardingScreenView.swift */; };
		43A62BA12C60A9420040EC4B /* ImageData.swift in Sources */ = {isa = PBXBuildFile; fileRef = 43A62BA02C60A9420040EC4B /* ImageData.swift */; };
		43A62BA32C60A9530040EC4B /* NearYouData.swift in Sources */ = {isa = PBXBuildFile; fileRef = 43A62BA22C60A9530040EC4B /* NearYouData.swift */; };
		43A62BA52C60AAD90040EC4B /* FruitCardView.swift in Sources */ = {isa = PBXBuildFile; fileRef = 43A62BA42C60AAD90040EC4B /* FruitCardView.swift */; };
		43A62BA72C60AF990040EC4B /* DetailsView.swift in Sources */ = {isa = PBXBuildFile; fileRef = 43A62BA62C60AF990040EC4B /* DetailsView.swift */; };
		43A62BA92C60AFC80040EC4B /* TopSellingView.swift in Sources */ = {isa = PBXBuildFile; fileRef = 43A62BA82C60AFC80040EC4B /* TopSellingView.swift */; };
		43E80AAA2C859F5200B16A37 /* NearYouView.swift in Sources */ = {isa = PBXBuildFile; fileRef = 43E80AA92C859F5200B16A37 /* NearYouView.swift */; };
/* End PBXBuildFile section */

/* Begin PBXContainerItemProxy section */
		43A62B7A2C609EDF0040EC4B /* PBXContainerItemProxy */ = {
			isa = PBXContainerItemProxy;
			containerPortal = 43A62B612C609EDD0040EC4B /* Project object */;
			proxyType = 1;
			remoteGlobalIDString = 43A62B682C609EDD0040EC4B;
			remoteInfo = MiniShoppingApp;
		};
		43A62B842C609EDF0040EC4B /* PBXContainerItemProxy */ = {
			isa = PBXContainerItemProxy;
			containerPortal = 43A62B612C609EDD0040EC4B /* Project object */;
			proxyType = 1;
			remoteGlobalIDString = 43A62B682C609EDD0040EC4B;
			remoteInfo = MiniShoppingApp;
		};
/* End PBXContainerItemProxy section */

/* Begin PBXFileReference section */
		43A62B692C609EDD0040EC4B /* MiniShoppingApp.app */ = {isa = PBXFileReference; explicitFileType = wrapper.application; includeInIndex = 0; path = MiniShoppingApp.app; sourceTree = BUILT_PRODUCTS_DIR; };
		43A62B6C2C609EDD0040EC4B /* MiniShoppingAppApp.swift */ = {isa = PBXFileReference; lastKnownFileType = sourcecode.swift; path = MiniShoppingAppApp.swift; sourceTree = "<group>"; };
		43A62B6E2C609EDD0040EC4B /* ContentView.swift */ = {isa = PBXFileReference; lastKnownFileType = sourcecode.swift; path = ContentView.swift; sourceTree = "<group>"; };
		43A62B702C609EDF0040EC4B /* Assets.xcassets */ = {isa = PBXFileReference; lastKnownFileType = folder.assetcatalog; path = Assets.xcassets; sourceTree = "<group>"; };
		43A62B732C609EDF0040EC4B /* Preview Assets.xcassets */ = {isa = PBXFileReference; lastKnownFileType = folder.assetcatalog; path = "Preview Assets.xcassets"; sourceTree = "<group>"; };
		43A62B792C609EDF0040EC4B /* MiniShoppingAppTests.xctest */ = {isa = PBXFileReference; explicitFileType = wrapper.cfbundle; includeInIndex = 0; path = MiniShoppingAppTests.xctest; sourceTree = BUILT_PRODUCTS_DIR; };
		43A62B7D2C609EDF0040EC4B /* MiniShoppingAppTests.swift */ = {isa = PBXFileReference; lastKnownFileType = sourcecode.swift; path = MiniShoppingAppTests.swift; sourceTree = "<group>"; };
		43A62B832C609EDF0040EC4B /* MiniShoppingAppUITests.xctest */ = {isa = PBXFileReference; explicitFileType = wrapper.cfbundle; includeInIndex = 0; path = MiniShoppingAppUITests.xctest; sourceTree = BUILT_PRODUCTS_DIR; };
		43A62B872C609EDF0040EC4B /* MiniShoppingAppUITests.swift */ = {isa = PBXFileReference; lastKnownFileType = sourcecode.swift; path = MiniShoppingAppUITests.swift; sourceTree = "<group>"; };
		43A62B892C609EDF0040EC4B /* MiniShoppingAppUITestsLaunchTests.swift */ = {isa = PBXFileReference; lastKnownFileType = sourcecode.swift; path = MiniShoppingAppUITestsLaunchTests.swift; sourceTree = "<group>"; };
		43A62B9B2C60A27E0040EC4B /* HomeScreenView.swift */ = {isa = PBXFileReference; lastKnownFileType = sourcecode.swift; path = HomeScreenView.swift; sourceTree = "<group>"; };
		43A62B9D2C60A2C30040EC4B /* OnBoardingScreenView.swift */ = {isa = PBXFileReference; lastKnownFileType = sourcecode.swift; path = OnBoardingScreenView.swift; sourceTree = "<group>"; };
		43A62BA02C60A9420040EC4B /* ImageData.swift */ = {isa = PBXFileReference; lastKnownFileType = sourcecode.swift; path = ImageData.swift; sourceTree = "<group>"; };
		43A62BA22C60A9530040EC4B /* NearYouData.swift */ = {isa = PBXFileReference; lastKnownFileType = sourcecode.swift; path = NearYouData.swift; sourceTree = "<group>"; };
		43A62BA42C60AAD90040EC4B /* FruitCardView.swift */ = {isa = PBXFileReference; lastKnownFileType = sourcecode.swift; path = FruitCardView.swift; sourceTree = "<group>"; };
		43A62BA62C60AF990040EC4B /* DetailsView.swift */ = {isa = PBXFileReference; lastKnownFileType = sourcecode.swift; path = DetailsView.swift; sourceTree = "<group>"; };
		43A62BA82C60AFC80040EC4B /* TopSellingView.swift */ = {isa = PBXFileReference; lastKnownFileType = sourcecode.swift; path = TopSellingView.swift; sourceTree = "<group>"; };
		43E80AA92C859F5200B16A37 /* NearYouView.swift */ = {isa = PBXFileReference; lastKnownFileType = sourcecode.swift; path = NearYouView.swift; sourceTree = "<group>"; };
/* End PBXFileReference section */

/* Begin PBXFrameworksBuildPhase section */
		43A62B662C609EDD0040EC4B /* Frameworks */ = {
			isa = PBXFrameworksBuildPhase;
			buildActionMask = 2147483647;
			files = (
			);
			runOnlyForDeploymentPostprocessing = 0;
		};
		43A62B762C609EDF0040EC4B /* Frameworks */ = {
			isa = PBXFrameworksBuildPhase;
			buildActionMask = 2147483647;
			files = (
			);
			runOnlyForDeploymentPostprocessing = 0;
		};
		43A62B802C609EDF0040EC4B /* Frameworks */ = {
			isa = PBXFrameworksBuildPhase;
			buildActionMask = 2147483647;
			files = (
			);
			runOnlyForDeploymentPostprocessing = 0;
		};
/* End PBXFrameworksBuildPhase section */

/* Begin PBXGroup section */
		43A62B602C609EDD0040EC4B = {
			isa = PBXGroup;
			children = (
				43A62B6B2C609EDD0040EC4B /* MiniShoppingApp */,
				43A62B7C2C609EDF0040EC4B /* MiniShoppingAppTests */,
				43A62B862C609EDF0040EC4B /* MiniShoppingAppUITests */,
				43A62B6A2C609EDD0040EC4B /* Products */,
			);
			sourceTree = "<group>";
		};
		43A62B6A2C609EDD0040EC4B /* Products */ = {
			isa = PBXGroup;
			children = (
				43A62B692C609EDD0040EC4B /* MiniShoppingApp.app */,
				43A62B792C609EDF0040EC4B /* MiniShoppingAppTests.xctest */,
				43A62B832C609EDF0040EC4B /* MiniShoppingAppUITests.xctest */,
			);
			name = Products;
			sourceTree = "<group>";
		};
		43A62B6B2C609EDD0040EC4B /* MiniShoppingApp */ = {
			isa = PBXGroup;
			children = (
				43A62B9F2C60A92E0040EC4B /* Model */,
				43A62B982C60A24A0040EC4B /* HomeScreenViews */,
				43A62B6C2C609EDD0040EC4B /* MiniShoppingAppApp.swift */,
				43A62B6E2C609EDD0040EC4B /* ContentView.swift */,
				43A62B9D2C60A2C30040EC4B /* OnBoardingScreenView.swift */,
				43A62B702C609EDF0040EC4B /* Assets.xcassets */,
				43A62B722C609EDF0040EC4B /* Preview Content */,
			);
			path = MiniShoppingApp;
			sourceTree = "<group>";
		};
		43A62B722C609EDF0040EC4B /* Preview Content */ = {
			isa = PBXGroup;
			children = (
				43A62B732C609EDF0040EC4B /* Preview Assets.xcassets */,
			);
			path = "Preview Content";
			sourceTree = "<group>";
		};
		43A62B7C2C609EDF0040EC4B /* MiniShoppingAppTests */ = {
			isa = PBXGroup;
			children = (
				43A62B7D2C609EDF0040EC4B /* MiniShoppingAppTests.swift */,
			);
			path = MiniShoppingAppTests;
			sourceTree = "<group>";
		};
		43A62B862C609EDF0040EC4B /* MiniShoppingAppUITests */ = {
			isa = PBXGroup;
			children = (
				43A62B872C609EDF0040EC4B /* MiniShoppingAppUITests.swift */,
				43A62B892C609EDF0040EC4B /* MiniShoppingAppUITestsLaunchTests.swift */,
			);
			path = MiniShoppingAppUITests;
			sourceTree = "<group>";
		};
		43A62B982C60A24A0040EC4B /* HomeScreenViews */ = {
			isa = PBXGroup;
			children = (
				43A62B9B2C60A27E0040EC4B /* HomeScreenView.swift */,
				43A62BA42C60AAD90040EC4B /* FruitCardView.swift */,
				43A62BA62C60AF990040EC4B /* DetailsView.swift */,
				43A62BA82C60AFC80040EC4B /* TopSellingView.swift */,
				43E80AA92C859F5200B16A37 /* NearYouView.swift */,
			);
			path = HomeScreenViews;
			sourceTree = "<group>";
		};
		43A62B9F2C60A92E0040EC4B /* Model */ = {
			isa = PBXGroup;
			children = (
				43A62BA02C60A9420040EC4B /* ImageData.swift */,
				43A62BA22C60A9530040EC4B /* NearYouData.swift */,
			);
			path = Model;
			sourceTree = "<group>";
		};
/* End PBXGroup section */

/* Begin PBXNativeTarget section */
		43A62B682C609EDD0040EC4B /* MiniShoppingApp */ = {
			isa = PBXNativeTarget;
			buildConfigurationList = 43A62B8D2C609EDF0040EC4B /* Build configuration list for PBXNativeTarget "MiniShoppingApp" */;
			buildPhases = (
				43A62B652C609EDD0040EC4B /* Sources */,
				43A62B662C609EDD0040EC4B /* Frameworks */,
				43A62B672C609EDD0040EC4B /* Resources */,
			);
			buildRules = (
			);
			dependencies = (
			);
			name = MiniShoppingApp;
			productName = MiniShoppingApp;
			productReference = 43A62B692C609EDD0040EC4B /* MiniShoppingApp.app */;
			productType = "com.apple.product-type.application";
		};
		43A62B782C609EDF0040EC4B /* MiniShoppingAppTests */ = {
			isa = PBXNativeTarget;
			buildConfigurationList = 43A62B902C609EDF0040EC4B /* Build configuration list for PBXNativeTarget "MiniShoppingAppTests" */;
			buildPhases = (
				43A62B752C609EDF0040EC4B /* Sources */,
				43A62B762C609EDF0040EC4B /* Frameworks */,
				43A62B772C609EDF0040EC4B /* Resources */,
			);
			buildRules = (
			);
			dependencies = (
				43A62B7B2C609EDF0040EC4B /* PBXTargetDependency */,
			);
			name = MiniShoppingAppTests;
			productName = MiniShoppingAppTests;
			productReference = 43A62B792C609EDF0040EC4B /* MiniShoppingAppTests.xctest */;
			productType = "com.apple.product-type.bundle.unit-test";
		};
		43A62B822C609EDF0040EC4B /* MiniShoppingAppUITests */ = {
			isa = PBXNativeTarget;
			buildConfigurationList = 43A62B932C609EDF0040EC4B /* Build configuration list for PBXNativeTarget "MiniShoppingAppUITests" */;
			buildPhases = (
				43A62B7F2C609EDF0040EC4B /* Sources */,
				43A62B802C609EDF0040EC4B /* Frameworks */,
				43A62B812C609EDF0040EC4B /* Resources */,
			);
			buildRules = (
			);
			dependencies = (
				43A62B852C609EDF0040EC4B /* PBXTargetDependency */,
			);
			name = MiniShoppingAppUITests;
			productName = MiniShoppingAppUITests;
			productReference = 43A62B832C609EDF0040EC4B /* MiniShoppingAppUITests.xctest */;
			productType = "com.apple.product-type.bundle.ui-testing";
		};
/* End PBXNativeTarget section */

/* Begin PBXProject section */
		43A62B612C609EDD0040EC4B /* Project object */ = {
			isa = PBXProject;
			attributes = {
				BuildIndependentTargetsInParallel = 1;
				LastSwiftUpdateCheck = 1540;
				LastUpgradeCheck = 1540;
				TargetAttributes = {
					43A62B682C609EDD0040EC4B = {
						CreatedOnToolsVersion = 15.4;
					};
					43A62B782C609EDF0040EC4B = {
						CreatedOnToolsVersion = 15.4;
						TestTargetID = 43A62B682C609EDD0040EC4B;
					};
					43A62B822C609EDF0040EC4B = {
						CreatedOnToolsVersion = 15.4;
						TestTargetID = 43A62B682C609EDD0040EC4B;
					};
				};
			};
			buildConfigurationList = 43A62B642C609EDD0040EC4B /* Build configuration list for PBXProject "MiniShoppingApp" */;
			compatibilityVersion = "Xcode 14.0";
			developmentRegion = en;
			hasScannedForEncodings = 0;
			knownRegions = (
				en,
				Base,
			);
			mainGroup = 43A62B602C609EDD0040EC4B;
			productRefGroup = 43A62B6A2C609EDD0040EC4B /* Products */;
			projectDirPath = "";
			projectRoot = "";
			targets = (
				43A62B682C609EDD0040EC4B /* MiniShoppingApp */,
				43A62B782C609EDF0040EC4B /* MiniShoppingAppTests */,
				43A62B822C609EDF0040EC4B /* MiniShoppingAppUITests */,
			);
		};
/* End PBXProject section */

/* Begin PBXResourcesBuildPhase section */
		43A62B672C609EDD0040EC4B /* Resources */ = {
			isa = PBXResourcesBuildPhase;
			buildActionMask = 2147483647;
			files = (
				43A62B742C609EDF0040EC4B /* Preview Assets.xcassets in Resources */,
				43A62B712C609EDF0040EC4B /* Assets.xcassets in Resources */,
			);
			runOnlyForDeploymentPostprocessing = 0;
		};
		43A62B772C609EDF0040EC4B /* Resources */ = {
			isa = PBXResourcesBuildPhase;
			buildActionMask = 2147483647;
			files = (
			);
			runOnlyForDeploymentPostprocessing = 0;
		};
		43A62B812C609EDF0040EC4B /* Resources */ = {
			isa = PBXResourcesBuildPhase;
			buildActionMask = 2147483647;
			files = (
			);
			runOnlyForDeploymentPostprocessing = 0;
		};
/* End PBXResourcesBuildPhase section */

/* Begin PBXSourcesBuildPhase section */
		43A62B652C609EDD0040EC4B /* Sources */ = {
			isa = PBXSourcesBuildPhase;
			buildActionMask = 2147483647;
			files = (
				43A62B9C2C60A27E0040EC4B /* HomeScreenView.swift in Sources */,
				43A62BA32C60A9530040EC4B /* NearYouData.swift in Sources */,
				43A62BA92C60AFC80040EC4B /* TopSellingView.swift in Sources */,
				43A62B6F2C609EDD0040EC4B /* ContentView.swift in Sources */,
				43A62B6D2C609EDD0040EC4B /* MiniShoppingAppApp.swift in Sources */,
				43A62BA52C60AAD90040EC4B /* FruitCardView.swift in Sources */,
				43E80AAA2C859F5200B16A37 /* NearYouView.swift in Sources */,
				43A62BA72C60AF990040EC4B /* DetailsView.swift in Sources */,
				43A62BA12C60A9420040EC4B /* ImageData.swift in Sources */,
				43A62B9E2C60A2C30040EC4B /* OnBoardingScreenView.swift in Sources */,
			);
			runOnlyForDeploymentPostprocessing = 0;
		};
		43A62B752C609EDF0040EC4B /* Sources */ = {
			isa = PBXSourcesBuildPhase;
			buildActionMask = 2147483647;
			files = (
				43A62B7E2C609EDF0040EC4B /* MiniShoppingAppTests.swift in Sources */,
			);
			runOnlyForDeploymentPostprocessing = 0;
		};
		43A62B7F2C609EDF0040EC4B /* Sources */ = {
			isa = PBXSourcesBuildPhase;
			buildActionMask = 2147483647;
			files = (
				43A62B882C609EDF0040EC4B /* MiniShoppingAppUITests.swift in Sources */,
				43A62B8A2C609EDF0040EC4B /* MiniShoppingAppUITestsLaunchTests.swift in Sources */,
			);
			runOnlyForDeploymentPostprocessing = 0;
		};
/* End PBXSourcesBuildPhase section */

/* Begin PBXTargetDependency section */
		43A62B7B2C609EDF0040EC4B /* PBXTargetDependency */ = {
			isa = PBXTargetDependency;
			target = 43A62B682C609EDD0040EC4B /* MiniShoppingApp */;
			targetProxy = 43A62B7A2C609EDF0040EC4B /* PBXContainerItemProxy */;
		};
		43A62B852C609EDF0040EC4B /* PBXTargetDependency */ = {
			isa = PBXTargetDependency;
			target = 43A62B682C609EDD0040EC4B /* MiniShoppingApp */;
			targetProxy = 43A62B842C609EDF0040EC4B /* PBXContainerItemProxy */;
		};
/* End PBXTargetDependency section */

/* Begin XCBuildConfiguration section */
		43A62B8B2C609EDF0040EC4B /* Debug */ = {
			isa = XCBuildConfiguration;
			buildSettings = {
				ALWAYS_SEARCH_USER_PATHS = NO;
				ASSETCATALOG_COMPILER_GENERATE_SWIFT_ASSET_SYMBOL_EXTENSIONS = YES;
				CLANG_ANALYZER_NONNULL = YES;
				CLANG_ANALYZER_NUMBER_OBJECT_CONVERSION = YES_AGGRESSIVE;
				CLANG_CXX_LANGUAGE_STANDARD = "gnu++20";
				CLANG_ENABLE_MODULES = YES;
				CLANG_ENABLE_OBJC_ARC = YES;
				CLANG_ENABLE_OBJC_WEAK = YES;
				CLANG_WARN_BLOCK_CAPTURE_AUTORELEASING = YES;
				CLANG_WARN_BOOL_CONVERSION = YES;
				CLANG_WARN_COMMA = YES;
				CLANG_WARN_CONSTANT_CONVERSION = YES;
				CLANG_WARN_DEPRECATED_OBJC_IMPLEMENTATIONS = YES;
				CLANG_WARN_DIRECT_OBJC_ISA_USAGE = YES_ERROR;
				CLANG_WARN_DOCUMENTATION_COMMENTS = YES;
				CLANG_WARN_EMPTY_BODY = YES;
				CLANG_WARN_ENUM_CONVERSION = YES;
				CLANG_WARN_INFINITE_RECURSION = YES;
				CLANG_WARN_INT_CONVERSION = YES;
				CLANG_WARN_NON_LITERAL_NULL_CONVERSION = YES;
				CLANG_WARN_OBJC_IMPLICIT_RETAIN_SELF = YES;
				CLANG_WARN_OBJC_LITERAL_CONVERSION = YES;
				CLANG_WARN_OBJC_ROOT_CLASS = YES_ERROR;
				CLANG_WARN_QUOTED_INCLUDE_IN_FRAMEWORK_HEADER = YES;
				CLANG_WARN_RANGE_LOOP_ANALYSIS = YES;
				CLANG_WARN_STRICT_PROTOTYPES = YES;
				CLANG_WARN_SUSPICIOUS_MOVE = YES;
				CLANG_WARN_UNGUARDED_AVAILABILITY = YES_AGGRESSIVE;
				CLANG_WARN_UNREACHABLE_CODE = YES;
				CLANG_WARN__DUPLICATE_METHOD_MATCH = YES;
				COPY_PHASE_STRIP = NO;
				DEBUG_INFORMATION_FORMAT = dwarf;
				ENABLE_STRICT_OBJC_MSGSEND = YES;
				ENABLE_TESTABILITY = YES;
				ENABLE_USER_SCRIPT_SANDBOXING = YES;
				GCC_C_LANGUAGE_STANDARD = gnu17;
				GCC_DYNAMIC_NO_PIC = NO;
				GCC_NO_COMMON_BLOCKS = YES;
				GCC_OPTIMIZATION_LEVEL = 0;
				GCC_PREPROCESSOR_DEFINITIONS = (
					"DEBUG=1",
					"$(inherited)",
				);
				GCC_WARN_64_TO_32_BIT_CONVERSION = YES;
				GCC_WARN_ABOUT_RETURN_TYPE = YES_ERROR;
				GCC_WARN_UNDECLARED_SELECTOR = YES;
				GCC_WARN_UNINITIALIZED_AUTOS = YES_AGGRESSIVE;
				GCC_WARN_UNUSED_FUNCTION = YES;
				GCC_WARN_UNUSED_VARIABLE = YES;
				IPHONEOS_DEPLOYMENT_TARGET = 17.5;
				LOCALIZATION_PREFERS_STRING_CATALOGS = YES;
				MTL_ENABLE_DEBUG_INFO = INCLUDE_SOURCE;
				MTL_FAST_MATH = YES;
				ONLY_ACTIVE_ARCH = YES;
				SDKROOT = iphoneos;
				SWIFT_ACTIVE_COMPILATION_CONDITIONS = "DEBUG $(inherited)";
				SWIFT_OPTIMIZATION_LEVEL = "-Onone";
			};
			name = Debug;
		};
		43A62B8C2C609EDF0040EC4B /* Release */ = {
			isa = XCBuildConfiguration;
			buildSettings = {
				ALWAYS_SEARCH_USER_PATHS = NO;
				ASSETCATALOG_COMPILER_GENERATE_SWIFT_ASSET_SYMBOL_EXTENSIONS = YES;
				CLANG_ANALYZER_NONNULL = YES;
				CLANG_ANALYZER_NUMBER_OBJECT_CONVERSION = YES_AGGRESSIVE;
				CLANG_CXX_LANGUAGE_STANDARD = "gnu++20";
				CLANG_ENABLE_MODULES = YES;
				CLANG_ENABLE_OBJC_ARC = YES;
				CLANG_ENABLE_OBJC_WEAK = YES;
				CLANG_WARN_BLOCK_CAPTURE_AUTORELEASING = YES;
				CLANG_WARN_BOOL_CONVERSION = YES;
				CLANG_WARN_COMMA = YES;
				CLANG_WARN_CONSTANT_CONVERSION = YES;
				CLANG_WARN_DEPRECATED_OBJC_IMPLEMENTATIONS = YES;
				CLANG_WARN_DIRECT_OBJC_ISA_USAGE = YES_ERROR;
				CLANG_WARN_DOCUMENTATION_COMMENTS = YES;
				CLANG_WARN_EMPTY_BODY = YES;
				CLANG_WARN_ENUM_CONVERSION = YES;
				CLANG_WARN_INFINITE_RECURSION = YES;
				CLANG_WARN_INT_CONVERSION = YES;
				CLANG_WARN_NON_LITERAL_NULL_CONVERSION = YES;
				CLANG_WARN_OBJC_IMPLICIT_RETAIN_SELF = YES;
				CLANG_WARN_OBJC_LITERAL_CONVERSION = YES;
				CLANG_WARN_OBJC_ROOT_CLASS = YES_ERROR;
				CLANG_WARN_QUOTED_INCLUDE_IN_FRAMEWORK_HEADER = YES;
				CLANG_WARN_RANGE_LOOP_ANALYSIS = YES;
				CLANG_WARN_STRICT_PROTOTYPES = YES;
				CLANG_WARN_SUSPICIOUS_MOVE = YES;
				CLANG_WARN_UNGUARDED_AVAILABILITY = YES_AGGRESSIVE;
				CLANG_WARN_UNREACHABLE_CODE = YES;
				CLANG_WARN__DUPLICATE_METHOD_MATCH = YES;
				COPY_PHASE_STRIP = NO;
				DEBUG_INFORMATION_FORMAT = "dwarf-with-dsym";
				ENABLE_NS_ASSERTIONS = NO;
				ENABLE_STRICT_OBJC_MSGSEND = YES;
				ENABLE_USER_SCRIPT_SANDBOXING = YES;
				GCC_C_LANGUAGE_STANDARD = gnu17;
				GCC_NO_COMMON_BLOCKS = YES;
				GCC_WARN_64_TO_32_BIT_CONVERSION = YES;
				GCC_WARN_ABOUT_RETURN_TYPE = YES_ERROR;
				GCC_WARN_UNDECLARED_SELECTOR = YES;
				GCC_WARN_UNINITIALIZED_AUTOS = YES_AGGRESSIVE;
				GCC_WARN_UNUSED_FUNCTION = YES;
				GCC_WARN_UNUSED_VARIABLE = YES;
				IPHONEOS_DEPLOYMENT_TARGET = 17.5;
				LOCALIZATION_PREFERS_STRING_CATALOGS = YES;
				MTL_ENABLE_DEBUG_INFO = NO;
				MTL_FAST_MATH = YES;
				SDKROOT = iphoneos;
				SWIFT_COMPILATION_MODE = wholemodule;
				VALIDATE_PRODUCT = YES;
			};
			name = Release;
		};
		43A62B8E2C609EDF0040EC4B /* Debug */ = {
			isa = XCBuildConfiguration;
			buildSettings = {
				ASSETCATALOG_COMPILER_APPICON_NAME = AppIcon;
				ASSETCATALOG_COMPILER_GLOBAL_ACCENT_COLOR_NAME = AccentColor;
				CODE_SIGN_STYLE = Automatic;
				CURRENT_PROJECT_VERSION = 1;
				DEVELOPMENT_ASSET_PATHS = "\"MiniShoppingApp/Preview Content\"";
				DEVELOPMENT_TEAM = 3WSYZ6WLZ4;
				ENABLE_PREVIEWS = YES;
				GENERATE_INFOPLIST_FILE = YES;
				INFOPLIST_KEY_UIApplicationSceneManifest_Generation = YES;
				INFOPLIST_KEY_UIApplicationSupportsIndirectInputEvents = YES;
				INFOPLIST_KEY_UILaunchScreen_Generation = YES;
				INFOPLIST_KEY_UISupportedInterfaceOrientations_iPad = "UIInterfaceOrientationPortrait UIInterfaceOrientationPortraitUpsideDown UIInterfaceOrientationLandscapeLeft UIInterfaceOrientationLandscapeRight";
				INFOPLIST_KEY_UISupportedInterfaceOrientations_iPhone = "UIInterfaceOrientationPortrait UIInterfaceOrientationLandscapeLeft UIInterfaceOrientationLandscapeRight";
				IPHONEOS_DEPLOYMENT_TARGET = 15.0;
				LD_RUNPATH_SEARCH_PATHS = (
					"$(inherited)",
					"@executable_path/Frameworks",
				);
				MARKETING_VERSION = 1.0;
				PRODUCT_BUNDLE_IDENTIFIER = com.binemugha.MiniShoppingApp;
				PRODUCT_NAME = "$(TARGET_NAME)";
				SWIFT_EMIT_LOC_STRINGS = YES;
				SWIFT_VERSION = 5.0;
				TARGETED_DEVICE_FAMILY = "1,2";
			};
			name = Debug;
		};
		43A62B8F2C609EDF0040EC4B /* Release */ = {
			isa = XCBuildConfiguration;
			buildSettings = {
				ASSETCATALOG_COMPILER_APPICON_NAME = AppIcon;
				ASSETCATALOG_COMPILER_GLOBAL_ACCENT_COLOR_NAME = AccentColor;
				CODE_SIGN_STYLE = Automatic;
				CURRENT_PROJECT_VERSION = 1;
				DEVELOPMENT_ASSET_PATHS = "\"MiniShoppingApp/Preview Content\"";
				DEVELOPMENT_TEAM = 3WSYZ6WLZ4;
				ENABLE_PREVIEWS = YES;
				GENERATE_INFOPLIST_FILE = YES;
				INFOPLIST_KEY_UIApplicationSceneManifest_Generation = YES;
				INFOPLIST_KEY_UIApplicationSupportsIndirectInputEvents = YES;
				INFOPLIST_KEY_UILaunchScreen_Generation = YES;
				INFOPLIST_KEY_UISupportedInterfaceOrientations_iPad = "UIInterfaceOrientationPortrait UIInterfaceOrientationPortraitUpsideDown UIInterfaceOrientationLandscapeLeft UIInterfaceOrientationLandscapeRight";
				INFOPLIST_KEY_UISupportedInterfaceOrientations_iPhone = "UIInterfaceOrientationPortrait UIInterfaceOrientationLandscapeLeft UIInterfaceOrientationLandscapeRight";
				IPHONEOS_DEPLOYMENT_TARGET = 15.0;
				LD_RUNPATH_SEARCH_PATHS = (
					"$(inherited)",
					"@executable_path/Frameworks",
				);
				MARKETING_VERSION = 1.0;
				PRODUCT_BUNDLE_IDENTIFIER = com.binemugha.MiniShoppingApp;
				PRODUCT_NAME = "$(TARGET_NAME)";
				SWIFT_EMIT_LOC_STRINGS = YES;
				SWIFT_VERSION = 5.0;
				TARGETED_DEVICE_FAMILY = "1,2";
			};
			name = Release;
		};
		43A62B912C609EDF0040EC4B /* Debug */ = {
			isa = XCBuildConfiguration;
			buildSettings = {
				ALWAYS_EMBED_SWIFT_STANDARD_LIBRARIES = YES;
				BUNDLE_LOADER = "$(TEST_HOST)";
				CODE_SIGN_STYLE = Automatic;
				CURRENT_PROJECT_VERSION = 1;
				DEVELOPMENT_TEAM = 3WSYZ6WLZ4;
				GENERATE_INFOPLIST_FILE = YES;
				IPHONEOS_DEPLOYMENT_TARGET = 17.5;
				MARKETING_VERSION = 1.0;
				PRODUCT_BUNDLE_IDENTIFIER = com.binemugha.MiniShoppingAppTests;
				PRODUCT_NAME = "$(TARGET_NAME)";
				SWIFT_EMIT_LOC_STRINGS = NO;
				SWIFT_VERSION = 5.0;
				TARGETED_DEVICE_FAMILY = "1,2";
				TEST_HOST = "$(BUILT_PRODUCTS_DIR)/MiniShoppingApp.app/$(BUNDLE_EXECUTABLE_FOLDER_PATH)/MiniShoppingApp";
			};
			name = Debug;
		};
		43A62B922C609EDF0040EC4B /* Release */ = {
			isa = XCBuildConfiguration;
			buildSettings = {
				ALWAYS_EMBED_SWIFT_STANDARD_LIBRARIES = YES;
				BUNDLE_LOADER = "$(TEST_HOST)";
				CODE_SIGN_STYLE = Automatic;
				CURRENT_PROJECT_VERSION = 1;
				DEVELOPMENT_TEAM = 3WSYZ6WLZ4;
				GENERATE_INFOPLIST_FILE = YES;
				IPHONEOS_DEPLOYMENT_TARGET = 17.5;
				MARKETING_VERSION = 1.0;
				PRODUCT_BUNDLE_IDENTIFIER = com.binemugha.MiniShoppingAppTests;
				PRODUCT_NAME = "$(TARGET_NAME)";
				SWIFT_EMIT_LOC_STRINGS = NO;
				SWIFT_VERSION = 5.0;
				TARGETED_DEVICE_FAMILY = "1,2";
				TEST_HOST = "$(BUILT_PRODUCTS_DIR)/MiniShoppingApp.app/$(BUNDLE_EXECUTABLE_FOLDER_PATH)/MiniShoppingApp";
			};
			name = Release;
		};
		43A62B942C609EDF0040EC4B /* Debug */ = {
			isa = XCBuildConfiguration;
			buildSettings = {
				ALWAYS_EMBED_SWIFT_STANDARD_LIBRARIES = YES;
				CODE_SIGN_STYLE = Automatic;
				CURRENT_PROJECT_VERSION = 1;
				DEVELOPMENT_TEAM = 3WSYZ6WLZ4;
				GENERATE_INFOPLIST_FILE = YES;
				MARKETING_VERSION = 1.0;
				PRODUCT_BUNDLE_IDENTIFIER = com.binemugha.MiniShoppingAppUITests;
				PRODUCT_NAME = "$(TARGET_NAME)";
				SWIFT_EMIT_LOC_STRINGS = NO;
				SWIFT_VERSION = 5.0;
				TARGETED_DEVICE_FAMILY = "1,2";
				TEST_TARGET_NAME = MiniShoppingApp;
			};
			name = Debug;
		};
		43A62B952C609EDF0040EC4B /* Release */ = {
			isa = XCBuildConfiguration;
			buildSettings = {
				ALWAYS_EMBED_SWIFT_STANDARD_LIBRARIES = YES;
				CODE_SIGN_STYLE = Automatic;
				CURRENT_PROJECT_VERSION = 1;
				DEVELOPMENT_TEAM = 3WSYZ6WLZ4;
				GENERATE_INFOPLIST_FILE = YES;
				MARKETING_VERSION = 1.0;
				PRODUCT_BUNDLE_IDENTIFIER = com.binemugha.MiniShoppingAppUITests;
				PRODUCT_NAME = "$(TARGET_NAME)";
				SWIFT_EMIT_LOC_STRINGS = NO;
				SWIFT_VERSION = 5.0;
				TARGETED_DEVICE_FAMILY = "1,2";
				TEST_TARGET_NAME = MiniShoppingApp;
			};
			name = Release;
		};
/* End XCBuildConfiguration section */

/* Begin XCConfigurationList section */
		43A62B642C609EDD0040EC4B /* Build configuration list for PBXProject "MiniShoppingApp" */ = {
			isa = XCConfigurationList;
			buildConfigurations = (
				43A62B8B2C609EDF0040EC4B /* Debug */,
				43A62B8C2C609EDF0040EC4B /* Release */,
			);
			defaultConfigurationIsVisible = 0;
			defaultConfigurationName = Release;
		};
		43A62B8D2C609EDF0040EC4B /* Build configuration list for PBXNativeTarget "MiniShoppingApp" */ = {
			isa = XCConfigurationList;
			buildConfigurations = (
				43A62B8E2C609EDF0040EC4B /* Debug */,
				43A62B8F2C609EDF0040EC4B /* Release */,
			);
			defaultConfigurationIsVisible = 0;
			defaultConfigurationName = Release;
		};
		43A62B902C609EDF0040EC4B /* Build configuration list for PBXNativeTarget "MiniShoppingAppTests" */ = {
			isa = XCConfigurationList;
			buildConfigurations = (
				43A62B912C609EDF0040EC4B /* Debug */,
				43A62B922C609EDF0040EC4B /* Release */,
			);
			defaultConfigurationIsVisible = 0;
			defaultConfigurationName = Release;
		};
		43A62B932C609EDF0040EC4B /* Build configuration list for PBXNativeTarget "MiniShoppingAppUITests" */ = {
			isa = XCConfigurationList;
			buildConfigurations = (
				43A62B942C609EDF0040EC4B /* Debug */,
				43A62B952C609EDF0040EC4B /* Release */,
			);
			defaultConfigurationIsVisible = 0;
			defaultConfigurationName = Release;
		};
/* End XCConfigurationList section */
	};
	rootObject = 43A62B612C609EDD0040EC4B /* Project object */;
}
